
Microsoft Visual Studio Solution File, Format Version 12.00
# Visual Studio Version 16
VisualStudioVersion = 16.0.28803.202
MinimumVisualStudioVersion = 10.0.40219.1
Project("{FAE04EC0-301F-11D3-BF4B-00C04F79EFBC}") = "kursach2", "kursach2\kursach2.csproj", "{5A62D0BB-CB6E-461B-9235-92A16AC64DA7}"
EndProject
Global
	GlobalSection(SolutionConfigurationPlatforms) = preSolution
		Debug|Any CPU = Debug|Any CPU
		Release|Any CPU = Release|Any CPU
	EndGlobalSection
	GlobalSection(ProjectConfigurationPlatforms) = postSolution
		{5A62D0BB-CB6E-461B-9235-92A16AC64DA7}.Debug|Any CPU.ActiveCfg = Debug|Any CPU
		{5A62D0BB-CB6E-461B-9235-92A16AC64DA7}.Debug|Any CPU.Build.0 = Debug|Any CPU
		{5A62D0BB-CB6E-461B-9235-92A16AC64DA7}.Release|Any CPU.ActiveCfg = Release|Any CPU
		{5A62D0BB-CB6E-461B-9235-92A16AC64DA7}.Release|Any CPU.Build.0 = Release|Any CPU
	EndGlobalSection
	GlobalSection(SolutionProperties) = preSolution
		HideSolutionNode = FALSE
	EndGlobalSection
	GlobalSection(ExtensibilityGlobals) = postSolution
		SolutionGuid = {31B0BD97-D80A-449C-A683-83F3D5B22BB5}
	EndGlobalSection
EndGlobal
